
Microsoft Visual Studio Solution File, Format Version 12.00
# Visual Studio Version 17
VisualStudioVersion = 17.14.36401.2 d17.14
MinimumVisualStudioVersion = 10.0.40219.1
Project("{FAE04EC0-301F-11D3-BF4B-00C04F79EFBC}") = "WebRazorPages1", "WebRazorPages1.csproj", "{97B20C80-17E7-4BB8-9853-55902BCDCE13}"
EndProject
Global
	GlobalSection(SolutionConfigurationPlatforms) = preSolution
		Debug|Any CPU = Debug|Any CPU
		Release|Any CPU = Release|Any CPU
	EndGlobalSection
	GlobalSection(ProjectConfigurationPlatforms) = postSolution
		{97B20C80-17E7-4BB8-9853-55902BCDCE13}.Debug|Any CPU.ActiveCfg = Debug|Any CPU
		{97B20C80-17E7-4BB8-9853-55902BCDCE13}.Debug|Any CPU.Build.0 = Debug|Any CPU
		{97B20C80-17E7-4BB8-9853-55902BCDCE13}.Release|Any CPU.ActiveCfg = Release|Any CPU
		{97B20C80-17E7-4BB8-9853-55902BCDCE13}.Release|Any CPU.Build.0 = Release|Any CPU
	EndGlobalSection
	GlobalSection(SolutionProperties) = preSolution
		HideSolutionNode = FALSE
	EndGlobalSection
	GlobalSection(ExtensibilityGlobals) = postSolution
		SolutionGuid = {A0C46EFD-B150-4BD9-AF32-37CE36D48F59}
	EndGlobalSection
EndGlobal
